version = 1
revision = 2
requires-python = ">=3.13"

[[package]]
name = "asgiref"
version = "3.9.1"
source = { registry = "https://pypi.org/simple" }
sdist = { url = "https://files.pythonhosted.org/packages/90/61/0aa957eec22ff70b830b22ff91f825e70e1ef732c06666a805730f28b36b/asgiref-3.9.1.tar.gz", hash = "sha256:a5ab6582236218e5ef1648f242fd9f10626cfd4de8dc377db215d5d5098e3142", size = 36870, upload-time = "2025-07-08T09:07:43.344Z" }
wheels = [
    { url = "https://files.pythonhosted.org/packages/7c/3c/0464dcada90d5da0e71018c04a140ad6349558afb30b3051b4264cc5b965/asgiref-3.9.1-py3-none-any.whl", hash = "sha256:f3bba7092a48005b5f5bacd747d36ee4a5a61f4a269a6df590b43144355ebd2c", size = 23790, upload-time = "2025-07-08T09:07:41.548Z" },
]

[[package]]
name = "certifi"
version = "2025.7.9"
source = { registry = "https://pypi.org/simple" }
sdist = { url = "https://files.pythonhosted.org/packages/de/8a/c729b6b60c66a38f590c4e774decc4b2ec7b0576be8f1aa984a53ffa812a/certifi-2025.7.9.tar.gz", hash = "sha256:c1d2ec05395148ee10cf672ffc28cd37ea0ab0d99f9cc74c43e588cbd111b079", size = 160386, upload-time = "2025-07-09T02:13:58.874Z" }
wheels = [
    { url = "https://files.pythonhosted.org/packages/66/f3/80a3f974c8b535d394ff960a11ac20368e06b736da395b551a49ce950cce/certifi-2025.7.9-py3-none-any.whl", hash = "sha256:d842783a14f8fdd646895ac26f719a061408834473cfc10203f6a575beb15d39", size = 159230, upload-time = "2025-07-09T02:13:57.007Z" },
]

[[package]]
name = "charset-normalizer"
version = "3.4.2"
source = { registry = "https://pypi.org/simple" }
sdist = { url = "https://files.pythonhosted.org/packages/e4/33/89c2ced2b67d1c2a61c19c6751aa8902d46ce3dacb23600a283619f5a12d/charset_normalizer-3.4.2.tar.gz", hash = "sha256:5baececa9ecba31eff645232d59845c07aa030f0c81ee70184a90d35099a0e63", size = 126367, upload-time = "2025-05-02T08:34:42.01Z" }
wheels = [
    { url = "https://files.pythonhosted.org/packages/ea/12/a93df3366ed32db1d907d7593a94f1fe6293903e3e92967bebd6950ed12c/charset_normalizer-3.4.2-cp313-cp313-macosx_10_13_universal2.whl", hash = "sha256:926ca93accd5d36ccdabd803392ddc3e03e6d4cd1cf17deff3b989ab8e9dbcf0", size = 199622, upload-time = "2025-05-02T08:32:56.363Z" },
    { url = "https://files.pythonhosted.org/packages/04/93/bf204e6f344c39d9937d3c13c8cd5bbfc266472e51fc8c07cb7f64fcd2de/charset_normalizer-3.4.2-cp313-cp313-manylinux_2_17_aarch64.manylinux2014_aarch64.whl", hash = "sha256:eba9904b0f38a143592d9fc0e19e2df0fa2e41c3c3745554761c5f6447eedabf", size = 143435, upload-time = "2025-05-02T08:32:58.551Z" },
    { url = "https://files.pythonhosted.org/packages/22/2a/ea8a2095b0bafa6c5b5a55ffdc2f924455233ee7b91c69b7edfcc9e02284/charset_normalizer-3.4.2-cp313-cp313-manylinux_2_17_ppc64le.manylinux2014_ppc64le.whl", hash = "sha256:3fddb7e2c84ac87ac3a947cb4e66d143ca5863ef48e4a5ecb83bd48619e4634e", size = 153653, upload-time = "2025-05-02T08:33:00.342Z" },
    { url = "https://files.pythonhosted.org/packages/b6/57/1b090ff183d13cef485dfbe272e2fe57622a76694061353c59da52c9a659/charset_normalizer-3.4.2-cp313-cp313-manylinux_2_17_s390x.manylinux2014_s390x.whl", hash = "sha256:98f862da73774290f251b9df8d11161b6cf25b599a66baf087c1ffe340e9bfd1", size = 146231, upload-time = "2025-05-02T08:33:02.081Z" },
    { url = "https://files.pythonhosted.org/packages/e2/28/ffc026b26f441fc67bd21ab7f03b313ab3fe46714a14b516f931abe1a2d8/charset_normalizer-3.4.2-cp313-cp313-manylinux_2_17_x86_64.manylinux2014_x86_64.whl", hash = "sha256:6c9379d65defcab82d07b2a9dfbfc2e95bc8fe0ebb1b176a3190230a3ef0e07c", size = 148243, upload-time = "2025-05-02T08:33:04.063Z" },
    { url = "https://files.pythonhosted.org/packages/c0/0f/9abe9bd191629c33e69e47c6ef45ef99773320e9ad8e9cb08b8ab4a8d4cb/charset_normalizer-3.4.2-cp313-cp313-manylinux_2_5_i686.manylinux1_i686.manylinux_2_17_i686.manylinux2014_i686.whl", hash = "sha256:e635b87f01ebc977342e2697d05b56632f5f879a4f15955dfe8cef2448b51691", size = 150442, upload-time = "2025-05-02T08:33:06.418Z" },
    { url = "https://files.pythonhosted.org/packages/67/7c/a123bbcedca91d5916c056407f89a7f5e8fdfce12ba825d7d6b9954a1a3c/charset_normalizer-3.4.2-cp313-cp313-musllinux_1_2_aarch64.whl", hash = "sha256:1c95a1e2902a8b722868587c0e1184ad5c55631de5afc0eb96bc4b0d738092c0", size = 145147, upload-time = "2025-05-02T08:33:08.183Z" },
    { url = "https://files.pythonhosted.org/packages/ec/fe/1ac556fa4899d967b83e9893788e86b6af4d83e4726511eaaad035e36595/charset_normalizer-3.4.2-cp313-cp313-musllinux_1_2_i686.whl", hash = "sha256:ef8de666d6179b009dce7bcb2ad4c4a779f113f12caf8dc77f0162c29d20490b", size = 153057, upload-time = "2025-05-02T08:33:09.986Z" },
    { url = "https://files.pythonhosted.org/packages/2b/ff/acfc0b0a70b19e3e54febdd5301a98b72fa07635e56f24f60502e954c461/charset_normalizer-3.4.2-cp313-cp313-musllinux_1_2_ppc64le.whl", hash = "sha256:32fc0341d72e0f73f80acb0a2c94216bd704f4f0bce10aedea38f30502b271ff", size = 156454, upload-time = "2025-05-02T08:33:11.814Z" },
    { url = "https://files.pythonhosted.org/packages/92/08/95b458ce9c740d0645feb0e96cea1f5ec946ea9c580a94adfe0b617f3573/charset_normalizer-3.4.2-cp313-cp313-musllinux_1_2_s390x.whl", hash = "sha256:289200a18fa698949d2b39c671c2cc7a24d44096784e76614899a7ccf2574b7b", size = 154174, upload-time = "2025-05-02T08:33:13.707Z" },
    { url = "https://files.pythonhosted.org/packages/78/be/8392efc43487ac051eee6c36d5fbd63032d78f7728cb37aebcc98191f1ff/charset_normalizer-3.4.2-cp313-cp313-musllinux_1_2_x86_64.whl", hash = "sha256:4a476b06fbcf359ad25d34a057b7219281286ae2477cc5ff5e3f70a246971148", size = 149166, upload-time = "2025-05-02T08:33:15.458Z" },
    { url = "https://files.pythonhosted.org/packages/44/96/392abd49b094d30b91d9fbda6a69519e95802250b777841cf3bda8fe136c/charset_normalizer-3.4.2-cp313-cp313-win32.whl", hash = "sha256:aaeeb6a479c7667fbe1099af9617c83aaca22182d6cf8c53966491a0f1b7ffb7", size = 98064, upload-time = "2025-05-02T08:33:17.06Z" },
    { url = "https://files.pythonhosted.org/packages/e9/b0/0200da600134e001d91851ddc797809e2fe0ea72de90e09bec5a2fbdaccb/charset_normalizer-3.4.2-cp313-cp313-win_amd64.whl", hash = "sha256:aa6af9e7d59f9c12b33ae4e9450619cf2488e2bbe9b44030905877f0b2324980", size = 105641, upload-time = "2025-05-02T08:33:18.753Z" },
    { url = "https://files.pythonhosted.org/packages/20/94/c5790835a017658cbfabd07f3bfb549140c3ac458cfc196323996b10095a/charset_normalizer-3.4.2-py3-none-any.whl", hash = "sha256:7f56930ab0abd1c45cd15be65cc741c28b1c9a34876ce8c17a2fa107810c0af0", size = 52626, upload-time = "2025-05-02T08:34:40.053Z" },
]

[[package]]
name = "colorama"
version = "0.4.6"
source = { registry = "https://pypi.org/simple" }
sdist = { url = "https://files.pythonhosted.org/packages/d8/53/6f443c9a4a8358a93a6792e2acffb9d9d5cb0a5cfd8802644b7b1c9a02e4/colorama-0.4.6.tar.gz", hash = "sha256:08695f5cb7ed6e0531a20572697297273c47b8cae5a63ffc6d6ed5c201be6e44", size = 27697, upload-time = "2022-10-25T02:36:22.414Z" }
wheels = [
    { url = "https://files.pythonhosted.org/packages/d1/d6/3965ed04c63042e047cb6a3e6ed1a63a35087b6a609aa3a15ed8ac56c221/colorama-0.4.6-py2.py3-none-any.whl", hash = "sha256:4f1d9991f5acc0ca119f9d443620b77f9d6b33703e51011c16baf57afb285fc6", size = 25335, upload-time = "2022-10-25T02:36:20.889Z" },
]

[[package]]
name = "django"
version = "5.2.4"
source = { registry = "https://pypi.org/simple" }
dependencies = [
    { name = "asgiref" },
    { name = "sqlparse" },
    { name = "tzdata", marker = "sys_platform == 'win32'" },
]
sdist = { url = "https://files.pythonhosted.org/packages/9c/7e/034f0f9fb10c029a02daaf44d364d6bf2eced8c73f0d38c69da359d26b01/django-5.2.4.tar.gz", hash = "sha256:a1228c384f8fa13eebc015196db7b3e08722c5058d4758d20cb287503a540d8f", size = 10831909, upload-time = "2025-07-02T18:47:39.19Z" }
wheels = [
    { url = "https://files.pythonhosted.org/packages/14/ae/706965237a672434c8b520e89a818e8b047af94e9beb342d0bee405c26c7/django-5.2.4-py3-none-any.whl", hash = "sha256:60c35bd96201b10c6e7a78121bd0da51084733efa303cc19ead021ab179cef5e", size = 8302187, upload-time = "2025-07-02T18:47:35.373Z" },
]

[[package]]
name = "djangorestframework"
version = "3.16.0"
source = { registry = "https://pypi.org/simple" }
dependencies = [
    { name = "django" },
]
sdist = { url = "https://files.pythonhosted.org/packages/7d/97/112c5a72e6917949b6d8a18ad6c6e72c46da4290c8f36ee5f1c1dcbc9901/djangorestframework-3.16.0.tar.gz", hash = "sha256:f022ff46613584de994c0c6a4aebbace5fd700555fbe9d33b865ebf173eba6c9", size = 1068408, upload-time = "2025-03-28T14:18:42.065Z" }
wheels = [
    { url = "https://files.pythonhosted.org/packages/eb/3e/2448e93f4f87fc9a9f35e73e3c05669e0edd0c2526834686e949bb1fd303/djangorestframework-3.16.0-py3-none-any.whl", hash = "sha256:bea7e9f6b96a8584c5224bfb2e4348dfb3f8b5e34edbecb98da258e892089361", size = 1067305, upload-time = "2025-03-28T14:18:39.489Z" },
]

[[package]]
name = "gunicorn"
version = "23.0.0"
source = { registry = "https://pypi.org/simple" }
dependencies = [
    { name = "packaging" },
]
sdist = { url = "https://files.pythonhosted.org/packages/34/72/9614c465dc206155d93eff0ca20d42e1e35afc533971379482de953521a4/gunicorn-23.0.0.tar.gz", hash = "sha256:f014447a0101dc57e294f6c18ca6b40227a4c90e9bdb586042628030cba004ec", size = 375031, upload-time = "2024-08-10T20:25:27.378Z" }
wheels = [
    { url = "https://files.pythonhosted.org/packages/cb/7d/6dac2a6e1eba33ee43f318edbed4ff29151a49b5d37f080aad1e6469bca4/gunicorn-23.0.0-py3-none-any.whl", hash = "sha256:ec400d38950de4dfd418cff8328b2c8faed0edb0d517d3394e457c317908ca4d", size = 85029, upload-time = "2024-08-10T20:25:24.996Z" },
]

[[package]]
name = "idna"
version = "3.10"
source = { registry = "https://pypi.org/simple" }
sdist = { url = "https://files.pythonhosted.org/packages/f1/70/7703c29685631f5a7590aa73f1f1d3fa9a380e654b86af429e0934a32f7d/idna-3.10.tar.gz", hash = "sha256:12f65c9b470abda6dc35cf8e63cc574b1c52b11df2c86030af0ac09b01b13ea9", size = 190490, upload-time = "2024-09-15T18:07:39.745Z" }
wheels = [
    { url = "https://files.pythonhosted.org/packages/76/c6/c88e154df9c4e1a2a66ccf0005a88dfb2650c1dffb6f5ce603dfbd452ce3/idna-3.10-py3-none-any.whl", hash = "sha256:946d195a0d259cbba61165e88e65941f16e9b36ea6ddb97f00452bae8b1287d3", size = 70442, upload-time = "2024-09-15T18:07:37.964Z" },
]

[[package]]
name = "iniconfig"
version = "2.1.0"
source = { registry = "https://pypi.org/simple" }
sdist = { url = "https://files.pythonhosted.org/packages/f2/97/ebf4da567aa6827c909642694d71c9fcf53e5b504f2d96afea02718862f3/iniconfig-2.1.0.tar.gz", hash = "sha256:3abbd2e30b36733fee78f9c7f7308f2d0050e88f0087fd25c2645f63c773e1c7", size = 4793, upload-time = "2025-03-19T20:09:59.721Z" }
wheels = [
    { url = "https://files.pythonhosted.org/packages/2c/e1/e6716421ea10d38022b952c159d5161ca1193197fb744506875fbb87ea7b/iniconfig-2.1.0-py3-none-any.whl", hash = "sha256:9deba5723312380e77435581c6bf4935c94cbfab9b1ed33ef8d238ea168eb760", size = 6050, upload-time = "2025-03-19T20:10:01.071Z" },
]

[[package]]
name = "jobify"
version = "0.1.0"
source = { virtual = "." }
dependencies = [
    { name = "asgiref" },
    { name = "certifi" },
    { name = "charset-normalizer" },
    { name = "django" },
    { name = "djangorestframework" },
    { name = "gunicorn" },
    { name = "idna" },
    { name = "iniconfig" },
    { name = "packaging" },
    { name = "pluggy" },
    { name = "psycopg2-binary" },
    { name = "pygments" },
    { name = "pytest" },
    { name = "pytest-django" },
    { name = "python-dotenv" },
    { name = "requests" },
    { name = "sqlparse" },
    { name = "urllib3" },
]

[package.metadata]
requires-dist = [
    { name = "asgiref", specifier = "==3.9.1" },
    { name = "certifi", specifier = "==2025.7.9" },
    { name = "charset-normalizer", specifier = "==3.4.2" },
    { name = "django", specifier = "==5.2.4" },
    { name = "djangorestframework", specifier = "==3.16.0" },
    { name = "gunicorn", specifier = "==23.0.0" },
    { name = "idna", specifier = "==3.10" },
    { name = "iniconfig", specifier = "==2.1.0" },
    { name = "packaging", specifier = "==25.0" },
    { name = "pluggy", specifier = "==1.6.0" },
    { name = "psycopg2-binary", specifier = "==2.9.10" },
    { name = "pygments", specifier = "==2.19.2" },
    { name = "pytest", specifier = "==8.4.1" },
    { name = "pytest-django", specifier = "==4.11.1" },
    { name = "python-dotenv", specifier = "==1.1.1" },
    { name = "requests", specifier = "==2.32.4" },
    { name = "sqlparse", specifier = "==0.5.3" },
    { name = "urllib3", specifier = "==2.5.0" },
]

[[package]]
name = "packaging"
version = "25.0"
source = { registry = "https://pypi.org/simple" }
sdist = { url = "https://files.pythonhosted.org/packages/a1/d4/1fc4078c65507b51b96ca8f8c3ba19e6a61c8253c72794544580a7b6c24d/packaging-25.0.tar.gz", hash = "sha256:d443872c98d677bf60f6a1f2f8c1cb748e8fe762d2bf9d3148b5599295b0fc4f", size = 165727, upload-time = "2025-04-19T11:48:59.673Z" }
wheels = [
    { url = "https://files.pythonhosted.org/packages/20/12/38679034af332785aac8774540895e234f4d07f7545804097de4b666afd8/packaging-25.0-py3-none-any.whl", hash = "sha256:29572ef2b1f17581046b3a2227d5c611fb25ec70ca1ba8554b24b0e69331a484", size = 66469, upload-time = "2025-04-19T11:48:57.875Z" },
]

[[package]]
name = "pluggy"
version = "1.6.0"
source = { registry = "https://pypi.org/simple" }
sdist = { url = "https://files.pythonhosted.org/packages/f9/e2/3e91f31a7d2b083fe6ef3fa267035b518369d9511ffab804f839851d2779/pluggy-1.6.0.tar.gz", hash = "sha256:7dcc130b76258d33b90f61b658791dede3486c3e6bfb003ee5c9bfb396dd22f3", size = 69412, upload-time = "2025-05-15T12:30:07.975Z" }
wheels = [
    { url = "https://files.pythonhosted.org/packages/54/20/4d324d65cc6d9205fabedc306948156824eb9f0ee1633355a8f7ec5c66bf/pluggy-1.6.0-py3-none-any.whl", hash = "sha256:e920276dd6813095e9377c0bc5566d94c932c33b27a3e3945d8389c374dd4746", size = 20538, upload-time = "2025-05-15T12:30:06.134Z" },
]

[[package]]
name = "psycopg2-binary"
version = "2.9.10"
source = { registry = "https://pypi.org/simple" }
sdist = { url = "https://files.pythonhosted.org/packages/cb/0e/bdc8274dc0585090b4e3432267d7be4dfbfd8971c0fa59167c711105a6bf/psycopg2-binary-2.9.10.tar.gz", hash = "sha256:4b3df0e6990aa98acda57d983942eff13d824135fe2250e6522edaa782a06de2", size = 385764, upload-time = "2024-10-16T11:24:58.126Z" }
wheels = [
    { url = "https://files.pythonhosted.org/packages/3e/30/d41d3ba765609c0763505d565c4d12d8f3c79793f0d0f044ff5a28bf395b/psycopg2_binary-2.9.10-cp313-cp313-macosx_12_0_x86_64.whl", hash = "sha256:26540d4a9a4e2b096f1ff9cce51253d0504dca5a85872c7f7be23be5a53eb18d", size = 3044699, upload-time = "2024-10-16T11:21:42.841Z" },
    { url = "https://files.pythonhosted.org/packages/35/44/257ddadec7ef04536ba71af6bc6a75ec05c5343004a7ec93006bee66c0bc/psycopg2_binary-2.9.10-cp313-cp313-macosx_14_0_arm64.whl", hash = "sha256:e217ce4d37667df0bc1c397fdcd8de5e81018ef305aed9415c3b093faaeb10fb", size = 3275245, upload-time = "2024-10-16T11:21:51.989Z" },
    { url = "https://files.pythonhosted.org/packages/1b/11/48ea1cd11de67f9efd7262085588790a95d9dfcd9b8a687d46caf7305c1a/psycopg2_binary-2.9.10-cp313-cp313-manylinux_2_17_aarch64.manylinux2014_aarch64.whl", hash = "sha256:245159e7ab20a71d989da00f280ca57da7641fa2cdcf71749c193cea540a74f7", size = 2851631, upload-time = "2024-10-16T11:21:57.584Z" },
    { url = "https://files.pythonhosted.org/packages/62/e0/62ce5ee650e6c86719d621a761fe4bc846ab9eff8c1f12b1ed5741bf1c9b/psycopg2_binary-2.9.10-cp313-cp313-manylinux_2_17_i686.manylinux2014_i686.whl", hash = "sha256:3c4ded1a24b20021ebe677b7b08ad10bf09aac197d6943bfe6fec70ac4e4690d", size = 3082140, upload-time = "2024-10-16T11:22:02.005Z" },
    { url = "https://files.pythonhosted.org/packages/27/ce/63f946c098611f7be234c0dd7cb1ad68b0b5744d34f68062bb3c5aa510c8/psycopg2_binary-2.9.10-cp313-cp313-manylinux_2_17_ppc64le.manylinux2014_ppc64le.whl", hash = "sha256:3abb691ff9e57d4a93355f60d4f4c1dd2d68326c968e7db17ea96df3c023ef73", size = 3264762, upload-time = "2024-10-16T11:22:06.412Z" },
    { url = "https://files.pythonhosted.org/packages/43/25/c603cd81402e69edf7daa59b1602bd41eb9859e2824b8c0855d748366ac9/psycopg2_binary-2.9.10-cp313-cp313-manylinux_2_17_x86_64.manylinux2014_x86_64.whl", hash = "sha256:8608c078134f0b3cbd9f89b34bd60a943b23fd33cc5f065e8d5f840061bd0673", size = 3020967, upload-time = "2024-10-16T11:22:11.583Z" },
    { url = "https://files.pythonhosted.org/packages/5f/d6/8708d8c6fca531057fa170cdde8df870e8b6a9b136e82b361c65e42b841e/psycopg2_binary-2.9.10-cp313-cp313-musllinux_1_2_aarch64.whl", hash = "sha256:230eeae2d71594103cd5b93fd29d1ace6420d0b86f4778739cb1a5a32f607d1f", size = 2872326, upload-time = "2024-10-16T11:22:16.406Z" },
    { url = "https://files.pythonhosted.org/packages/ce/ac/5b1ea50fc08a9df82de7e1771537557f07c2632231bbab652c7e22597908/psycopg2_binary-2.9.10-cp313-cp313-musllinux_1_2_i686.whl", hash = "sha256:bb89f0a835bcfc1d42ccd5f41f04870c1b936d8507c6df12b7737febc40f0909", size = 2822712, upload-time = "2024-10-16T11:22:21.366Z" },
    { url = "https://files.pythonhosted.org/packages/c4/fc/504d4503b2abc4570fac3ca56eb8fed5e437bf9c9ef13f36b6621db8ef00/psycopg2_binary-2.9.10-cp313-cp313-musllinux_1_2_ppc64le.whl", hash = "sha256:f0c2d907a1e102526dd2986df638343388b94c33860ff3bbe1384130828714b1", size = 2920155, upload-time = "2024-10-16T11:22:25.684Z" },
    { url = "https://files.pythonhosted.org/packages/b2/d1/323581e9273ad2c0dbd1902f3fb50c441da86e894b6e25a73c3fda32c57e/psycopg2_binary-2.9.10-cp313-cp313-musllinux_1_2_x86_64.whl", hash = "sha256:f8157bed2f51db683f31306aa497311b560f2265998122abe1dce6428bd86567", size = 2959356, upload-time = "2024-10-16T11:22:30.562Z" },
    { url = "https://files.pythonhosted.org/packages/08/50/d13ea0a054189ae1bc21af1d85b6f8bb9bbc5572991055d70ad9006fe2d6/psycopg2_binary-2.9.10-cp313-cp313-win_amd64.whl", hash = "sha256:27422aa5f11fbcd9b18da48373eb67081243662f9b46e6fd07c3eb46e4535142", size = 2569224, upload-time = "2025-01-04T20:09:19.234Z" },
]

[[package]]
name = "pygments"
version = "2.19.2"
source = { registry = "https://pypi.org/simple" }
sdist = { url = "https://files.pythonhosted.org/packages/b0/77/a5b8c569bf593b0140bde72ea885a803b82086995367bf2037de0159d924/pygments-2.19.2.tar.gz", hash = "sha256:636cb2477cec7f8952536970bc533bc43743542f70392ae026374600add5b887", size = 4968631, upload-time = "2025-06-21T13:39:12.283Z" }
wheels = [
    { url = "https://files.pythonhosted.org/packages/c7/21/705964c7812476f378728bdf590ca4b771ec72385c533964653c68e86bdc/pygments-2.19.2-py3-none-any.whl", hash = "sha256:86540386c03d588bb81d44bc3928634ff26449851e99741617ecb9037ee5ec0b", size = 1225217, upload-time = "2025-06-21T13:39:07.939Z" },
]

[[package]]
name = "pytest"
version = "8.4.1"
source = { registry = "https://pypi.org/simple" }
dependencies = [
    { name = "colorama", marker = "sys_platform == 'win32'" },
    { name = "iniconfig" },
    { name = "packaging" },
    { name = "pluggy" },
    { name = "pygments" },
]
sdist = { url = "https://files.pythonhosted.org/packages/08/ba/45911d754e8eba3d5a841a5ce61a65a685ff1798421ac054f85aa8747dfb/pytest-8.4.1.tar.gz", hash = "sha256:7c67fd69174877359ed9371ec3af8a3d2b04741818c51e5e99cc1742251fa93c", size = 1517714, upload-time = "2025-06-18T05:48:06.109Z" }
wheels = [
    { url = "https://files.pythonhosted.org/packages/29/16/c8a903f4c4dffe7a12843191437d7cd8e32751d5de349d45d3fe69544e87/pytest-8.4.1-py3-none-any.whl", hash = "sha256:539c70ba6fcead8e78eebbf1115e8b589e7565830d7d006a8723f19ac8a0afb7", size = 365474, upload-time = "2025-06-18T05:48:03.955Z" },
]

[[package]]
name = "pytest-django"
version = "4.11.1"
source = { registry = "https://pypi.org/simple" }
dependencies = [
    { name = "pytest" },
]
sdist = { url = "https://files.pythonhosted.org/packages/b1/fb/55d580352db26eb3d59ad50c64321ddfe228d3d8ac107db05387a2fadf3a/pytest_django-4.11.1.tar.gz", hash = "sha256:a949141a1ee103cb0e7a20f1451d355f83f5e4a5d07bdd4dcfdd1fd0ff227991", size = 86202, upload-time = "2025-04-03T18:56:09.338Z" }
wheels = [
    { url = "https://files.pythonhosted.org/packages/be/ac/bd0608d229ec808e51a21044f3f2f27b9a37e7a0ebaca7247882e67876af/pytest_django-4.11.1-py3-none-any.whl", hash = "sha256:1b63773f648aa3d8541000c26929c1ea63934be1cfa674c76436966d73fe6a10", size = 25281, upload-time = "2025-04-03T18:56:07.678Z" },
]

[[package]]
name = "python-dotenv"
version = "1.1.1"
source = { registry = "https://pypi.org/simple" }
sdist = { url = "https://files.pythonhosted.org/packages/f6/b0/4bc07ccd3572a2f9df7e6782f52b0c6c90dcbb803ac4a167702d7d0dfe1e/python_dotenv-1.1.1.tar.gz", hash = "sha256:a8a6399716257f45be6a007360200409fce5cda2661e3dec71d23dc15f6189ab", size = 41978, upload-time = "2025-06-24T04:21:07.341Z" }
wheels = [
    { url = "https://files.pythonhosted.org/packages/5f/ed/539768cf28c661b5b068d66d96a2f155c4971a5d55684a514c1a0e0dec2f/python_dotenv-1.1.1-py3-none-any.whl", hash = "sha256:31f23644fe2602f88ff55e1f5c79ba497e01224ee7737937930c448e4d0e24dc", size = 20556, upload-time = "2025-06-24T04:21:06.073Z" },
]

[[package]]
name = "requests"
version = "2.32.4"
source = { registry = "https://pypi.org/simple" }
dependencies = [
    { name = "certifi" },
    { name = "charset-normalizer" },
    { name = "idna" },
    { name = "urllib3" },
]
sdist = { url = "https://files.pythonhosted.org/packages/e1/0a/929373653770d8a0d7ea76c37de6e41f11eb07559b103b1c02cafb3f7cf8/requests-2.32.4.tar.gz", hash = "sha256:27d0316682c8a29834d3264820024b62a36942083d52caf2f14c0591336d3422", size = 135258, upload-time = "2025-06-09T16:43:07.34Z" }
wheels = [
    { url = "https://files.pythonhosted.org/packages/7c/e4/56027c4a6b4ae70ca9de302488c5ca95ad4a39e190093d6c1a8ace08341b/requests-2.32.4-py3-none-any.whl", hash = "sha256:27babd3cda2a6d50b30443204ee89830707d396671944c998b5975b031ac2b2c", size = 64847, upload-time = "2025-06-09T16:43:05.728Z" },
]

[[package]]
name = "sqlparse"
version = "0.5.3"
source = { registry = "https://pypi.org/simple" }
sdist = { url = "https://files.pythonhosted.org/packages/e5/40/edede8dd6977b0d3da179a342c198ed100dd2aba4be081861ee5911e4da4/sqlparse-0.5.3.tar.gz", hash = "sha256:09f67787f56a0b16ecdbde1bfc7f5d9c3371ca683cfeaa8e6ff60b4807ec9272", size = 84999, upload-time = "2024-12-10T12:05:30.728Z" }
wheels = [
    { url = "https://files.pythonhosted.org/packages/a9/5c/bfd6bd0bf979426d405cc6e71eceb8701b148b16c21d2dc3c261efc61c7b/sqlparse-0.5.3-py3-none-any.whl", hash = "sha256:cf2196ed3418f3ba5de6af7e82c694a9fbdbfecccdfc72e281548517081f16ca", size = 44415, upload-time = "2024-12-10T12:05:27.824Z" },
]

[[package]]
name = "tzdata"
version = "2025.2"
source = { registry = "https://pypi.org/simple" }
sdist = { url = "https://files.pythonhosted.org/packages/95/32/1a225d6164441be760d75c2c42e2780dc0873fe382da3e98a2e1e48361e5/tzdata-2025.2.tar.gz", hash = "sha256:b60a638fcc0daffadf82fe0f57e53d06bdec2f36c4df66280ae79bce6bd6f2b9", size = 196380, upload-time = "2025-03-23T13:54:43.652Z" }
wheels = [
    { url = "https://files.pythonhosted.org/packages/5c/23/c7abc0ca0a1526a0774eca151daeb8de62ec457e77262b66b359c3c7679e/tzdata-2025.2-py2.py3-none-any.whl", hash = "sha256:1a403fada01ff9221ca8044d701868fa132215d84beb92242d9acd2147f667a8", size = 347839, upload-time = "2025-03-23T13:54:41.845Z" },
]

[[package]]
name = "urllib3"
version = "2.5.0"
source = { registry = "https://pypi.org/simple" }
sdist = { url = "https://files.pythonhosted.org/packages/15/22/9ee70a2574a4f4599c47dd506532914ce044817c7752a79b6a51286319bc/urllib3-2.5.0.tar.gz", hash = "sha256:3fc47733c7e419d4bc3f6b3dc2b4f890bb743906a30d56ba4a5bfa4bbff92760", size = 393185, upload-time = "2025-06-18T14:07:41.644Z" }
wheels = [
    { url = "https://files.pythonhosted.org/packages/a7/c2/fe1e52489ae3122415c51f387e221dd0773709bad6c6cdaa599e8a2c5185/urllib3-2.5.0-py3-none-any.whl", hash = "sha256:e6b01673c0fa6a13e374b50871808eb3bf7046c4b125b216f6bf1cc604cff0dc", size = 129795, upload-time = "2025-06-18T14:07:40.39Z" },
]
